
Microsoft Visual Studio Solution File, Format Version 11.00
# Visual Studio 2010
Project("{F184B08F-C81C-45F6-A57F-5ABD9991F28F}") = "TSD Inventory", "TSD Inventory\TSD Inventory.vbproj", "{276CC1FF-F41C-4DC7-BCD8-0772DFE4CE3C}"
EndProject
Global
	GlobalSection(SolutionConfigurationPlatforms) = preSolution
		Debug|x86 = Debug|x86
		Release|x86 = Release|x86
	EndGlobalSection
	GlobalSection(ProjectConfigurationPlatforms) = postSolution
		{276CC1FF-F41C-4DC7-BCD8-0772DFE4CE3C}.Debug|x86.ActiveCfg = Debug|x86
		{276CC1FF-F41C-4DC7-BCD8-0772DFE4CE3C}.Debug|x86.Build.0 = Debug|x86
		{276CC1FF-F41C-4DC7-BCD8-0772DFE4CE3C}.Release|x86.ActiveCfg = Release|x86
		{276CC1FF-F41C-4DC7-BCD8-0772DFE4CE3C}.Release|x86.Build.0 = Release|x86
	EndGlobalSection
	GlobalSection(SolutionProperties) = preSolution
		HideSolutionNode = FALSE
	EndGlobalSection
EndGlobal
