
Microsoft Visual Studio Solution File, Format Version 12.00
# Visual Studio Version 17
VisualStudioVersion = 17.14.36109.1 d17.14
MinimumVisualStudioVersion = 10.0.40219.1
Project("{FAE04EC0-301F-11D3-BF4B-00C04F79EFBC}") = "BoxSmart ERP", "BoxSmart ERP\BoxSmart ERP.csproj", "{8CFDEAE3-4C01-49F6-90D9-8DDB923F8704}"
EndProject
Global
	GlobalSection(SolutionConfigurationPlatforms) = preSolution
		Debug|Any CPU = Debug|Any CPU
		Release|Any CPU = Release|Any CPU
	EndGlobalSection
	GlobalSection(ProjectConfigurationPlatforms) = postSolution
		{8CFDEAE3-4C01-49F6-90D9-8DDB923F8704}.Debug|Any CPU.ActiveCfg = Debug|Any CPU
		{8CFDEAE3-4C01-49F6-90D9-8DDB923F8704}.Debug|Any CPU.Build.0 = Debug|Any CPU
		{8CFDEAE3-4C01-49F6-90D9-8DDB923F8704}.Release|Any CPU.ActiveCfg = Release|Any CPU
		{8CFDEAE3-4C01-49F6-90D9-8DDB923F8704}.Release|Any CPU.Build.0 = Release|Any CPU
	EndGlobalSection
	GlobalSection(SolutionProperties) = preSolution
		HideSolutionNode = FALSE
	EndGlobalSection
	GlobalSection(ExtensibilityGlobals) = postSolution
		SolutionGuid = {3D1DB20F-6AF0-412D-985F-0B92CDC2DC42}
	EndGlobalSection
EndGlobal
